PODS:
  - Realm (10.43.1):
    - Realm/Headers (= 10.43.1)
  - Realm/Headers (10.43.1)
  - RealmSwift (10.43.1):
    - Realm (= 10.43.1)
  - SNOMEDKit (0.1.0):
    - RealmSwift (>= 10.11.0)
  - SwiftLint (0.53.0)

DEPENDENCIES:
  - RealmSwift (~> 10.43)
  - SNOMEDKit (from `../`)
  - SwiftLint

SPEC REPOS:
  trunk:
    - Realm
    - RealmSwift
    - SwiftLint

EXTERNAL SOURCES:
  SNOMEDKit:
    :path: "../"

SPEC CHECKSUMS:
  Realm: d97b438de77459e443bd2c8ad5ca0f95107aee4b
  RealmSwift: 6be3f27a7fd3f5cc8f99f4b187cc4e7150299e32
  SNOMEDKit: 007fc3aee92964d79e06248fc292b86ae96ace39
  SwiftLint: 5ce4d6a8ff83f1b5fd5ad5dbf30965d35af65e44

PODFILE CHECKSUM: 9476927eea5a58488ed8e19521691f4708c2c546

COCOAPODS: 1.13.0
