PODS:
  - Realm (10.11.0):
    - Realm/Headers (= 10.11.0)
  - Realm/Headers (10.11.0)
  - RealmSwift (10.11.0):
    - Realm (= 10.11.0)
  - SNOMEDKit (0.1.0):
    - RealmSwift (>= 10.11.0)

DEPENDENCIES:
  - RealmSwift (= 10.11.0)
  - SNOMEDKit (from `../`)

SPEC REPOS:
  trunk:
    - Realm
    - RealmSwift

EXTERNAL SOURCES:
  SNOMEDKit:
    :path: "../"

SPEC CHECKSUMS:
  Realm: 39ff23f0f709cd4ed93eb47ee6593c2158945b38
  RealmSwift: 42713e09a8631070d6c12c3c5fb22b8edc1daa41
  SNOMEDKit: 1c27fed7c08377aefd8905320b77a9f2db0c4fca

PODFILE CHECKSUM: 0c6d7db4f5f984d5ee59c97a3a55f91f81274607

COCOAPODS: 1.11.2
